{
  "version": 4,
  "terraform_version": "1.3.7",
  "serial": 32,
  "lineage": "b8ce3fb0-c1a1-ecb6-266d-ac7816b713e1",
  "outputs": {
    "router_self_link": {
      "value": "https://www.googleapis.com/compute/v1/projects/project-lab2-323119/regions/us-central1/routers/my-cloud-router",
      "type": "string"
    }
  },
  "resources": [
    {
      "module": "module.cloud_router",
      "mode": "managed",
      "type": "google_compute_network",
      "name": "my_network",
      "provider": "provider[\"registry.terraform.io/hashicorp/google\"]",
      "instances": [
        {
          "schema_version": 0,
          "attributes": {
            "auto_create_subnetworks": false,
            "delete_default_routes_on_create": false,
            "description": "",
            "enable_ula_internal_ipv6": false,
            "gateway_ipv4": "",
            "id": "projects/project-lab2-323119/global/networks/my-vpc-network",
            "internal_ipv6_range": "",
            "mtu": 0,
            "name": "my-vpc-network",
            "project": "project-lab2-323119",
            "routing_mode": "REGIONAL",
            "self_link": "https://www.googleapis.com/compute/v1/projects/project-lab2-323119/global/networks/my-vpc-network",
            "timeouts": null
          },
          "sensitive_attributes": [],
          "private": "eyJlMmJmYjczMC1lY2FhLTExZTYtOGY4OC0zNDM2M2JjN2M0YzAiOnsiY3JlYXRlIjoxMjAwMDAwMDAwMDAwLCJkZWxldGUiOjEyMDAwMDAwMDAwMDAsInVwZGF0ZSI6MTIwMDAwMDAwMDAwMH19"
        }
      ]
    },
    {
      "module": "module.cloud_router",
      "mode": "managed",
      "type": "google_compute_router",
      "name": "test",
      "provider": "provider[\"registry.terraform.io/hashicorp/google\"]",
      "instances": [
        {
          "schema_version": 0,
          "attributes": {
            "bgp": [
              {
                "advertise_mode": "DEFAULT",
                "advertised_groups": null,
                "advertised_ip_ranges": [],
                "asn": 65001,
                "keepalive_interval": 20
              }
            ],
            "creation_timestamp": "2023-02-20T11:13:13.088-08:00",
            "description": "",
            "encrypted_interconnect_router": false,
            "id": "projects/project-lab2-323119/regions/us-central1/routers/my-cloud-router",
            "name": "my-cloud-router",
            "network": "https://www.googleapis.com/compute/v1/projects/project-lab2-323119/global/networks/my-vpc-network",
            "project": "project-lab2-323119",
            "region": "us-central1",
            "self_link": "https://www.googleapis.com/compute/v1/projects/project-lab2-323119/regions/us-central1/routers/my-cloud-router",
            "timeouts": null
          },
          "sensitive_attributes": [],
          "private": "eyJlMmJmYjczMC1lY2FhLTExZTYtOGY4OC0zNDM2M2JjN2M0YzAiOnsiY3JlYXRlIjoxMjAwMDAwMDAwMDAwLCJkZWxldGUiOjEyMDAwMDAwMDAwMDAsInVwZGF0ZSI6MTIwMDAwMDAwMDAwMH19",
          "dependencies": [
            "module.cloud_router.google_compute_network.my_network"
          ]
        }
      ]
    }
  ],
  "check_results": null
}
